
Microsoft Visual Studio Solution File, Format Version 12.00
# Visual Studio 14
VisualStudioVersion = 14.0.25420.1
MinimumVisualStudioVersion = 10.0.40219.1
Project("{FAE04EC0-301F-11D3-BF4B-00C04F79EFBC}") = "MergeLists", "MergeLists\MergeLists.csproj", "{DE0852B9-B104-488F-BE7A-EA5117E1419E}"
EndProject
Project("{FAE04EC0-301F-11D3-BF4B-00C04F79EFBC}") = "MergeLists.Tests", "MergeLists.Tests\MergeLists.Tests.csproj", "{698C36BC-6545-4847-A2AF-7496CE530432}"
EndProject
Global
	GlobalSection(SolutionConfigurationPlatforms) = preSolution
		Debug|Any CPU = Debug|Any CPU
		Release|Any CPU = Release|Any CPU
	EndGlobalSection
	GlobalSection(ProjectConfigurationPlatforms) = postSolution
		{DE0852B9-B104-488F-BE7A-EA5117E1419E}.Debug|Any CPU.ActiveCfg = Debug|Any CPU
		{DE0852B9-B104-488F-BE7A-EA5117E1419E}.Debug|Any CPU.Build.0 = Debug|Any CPU
		{DE0852B9-B104-488F-BE7A-EA5117E1419E}.Release|Any CPU.ActiveCfg = Release|Any CPU
		{DE0852B9-B104-488F-BE7A-EA5117E1419E}.Release|Any CPU.Build.0 = Release|Any CPU
		{698C36BC-6545-4847-A2AF-7496CE530432}.Debug|Any CPU.ActiveCfg = Debug|Any CPU
		{698C36BC-6545-4847-A2AF-7496CE530432}.Debug|Any CPU.Build.0 = Debug|Any CPU
		{698C36BC-6545-4847-A2AF-7496CE530432}.Release|Any CPU.ActiveCfg = Release|Any CPU
		{698C36BC-6545-4847-A2AF-7496CE530432}.Release|Any CPU.Build.0 = Release|Any CPU
	EndGlobalSection
	GlobalSection(SolutionProperties) = preSolution
		HideSolutionNode = FALSE
	EndGlobalSection
EndGlobal
